{
  "name": "ripgrep-bundling-test",
  "version": "1.0.0",
  "lockfileVersion": 3,
  "requires": true,
  "packages": {
    "": {
      "name": "ripgrep-bundling-test",
      "version": "1.0.0",
      "dependencies": {
        "@savant-code/sdk": "file:../.."
      },
      "devDependencies": {
        "@types/node": "^22.0.0",
        "typescript": "^5.0.0"
      }
    },
    "../..": {
      "name": "@savant-code/sdk",
      "version": "0.0.23",
      "license": "Apache-2.0",
      "dependencies": {
        "@ai-sdk/anthropic": "2.0.50",
        "@jitl/quickjs-wasmfile-release-sync": "0.31.0",
        "@vscode/tree-sitter-wasm": "0.1.4",
        "ai": "^5.0.52",
        "diff": "8.0.3",
        "gray-matter": "^4.0.3",
        "ignore": "7.0.5",
        "ipaddr.js": "^1.9.1",
        "micromatch": "^4.0.8",
        "web-tree-sitter": "0.25.10",
        "ws": "^8.18.0",
        "zod": "^4.2.1"
      },
      "devDependencies": {
        "@types/diff": "8.0.0",
        "@types/micromatch": "^4.0.9",
        "adm-zip": "^0.5.12",
        "dts-bundle-generator": "^9.5.1",
        "node-fetch": "^3.3.2"
      },
      "engines": {
        "node": ">=18.0.0"
      }
    },
    "node_modules/@savant-code/sdk": {
      "resolved": "../..",
      "link": true
    },
    "node_modules/@types/node": {
      "version": "22.20.1",
      "resolved": "https://registry.npmjs.org/@types/node/-/node-22.20.1.tgz",
      "integrity": "sha512-EANqOCF9QFyra+4pfxUcX9STKJpCLjMbObVzljIJomAWSnuSIEAvyzEU53GaajbXJEgdh0iEcPL+DGvpUd4k1Q==",
      "dev": true,
      "license": "MIT",
      "dependencies": {
        "undici-types": "~6.21.0"
      }
    },
    "node_modules/typescript": {
      "version": "5.9.3",
      "resolved": "https://registry.npmjs.org/typescript/-/typescript-5.9.3.tgz",
      "integrity": "sha512-jl1vZzPDinLr9eUt3J/t7V6FgNEw9QjvBPdysz9KfQDD41fQrC2Y4vKQdiaUpFT4bXlb1RHhLpp8wtm6M5TgSw==",
      "dev": true,
      "license": "Apache-2.0",
      "bin": {
        "tsc": "bin/tsc",
        "tsserver": "bin/tsserver"
      },
      "engines": {
        "node": ">=14.17"
      }
    },
    "node_modules/undici-types": {
      "version": "6.21.0",
      "resolved": "https://registry.npmjs.org/undici-types/-/undici-types-6.21.0.tgz",
      "integrity": "sha512-iwDZqg0QAGrg9Rav5H4n0M64c3mkR59cJ6wQp+7C4nI0gsmExaedaYLNO44eT4AtBBwjbTiGPMlt2Md0T9H9JQ==",
      "dev": true,
      "license": "MIT"
    }
  }
}
